
Microsoft Visual Studio Solution File, Format Version 12.00
# Visual Studio Version 16
VisualStudioVersion = 16.0.31702.278
MinimumVisualStudioVersion = 10.0.40219.1
Project("{FAE04EC0-301F-11D3-BF4B-00C04F79EFBC}") = "ThreadPyramid", "ThreadPyramid\ThreadPyramid.csproj", "{B096856D-C269-4E29-AC92-6CDF60831F9C}"
EndProject
Global
	GlobalSection(SolutionConfigurationPlatforms) = preSolution
		Debug|Any CPU = Debug|Any CPU
		Release|Any CPU = Release|Any CPU
	EndGlobalSection
	GlobalSection(ProjectConfigurationPlatforms) = postSolution
		{B096856D-C269-4E29-AC92-6CDF60831F9C}.Debug|Any CPU.ActiveCfg = Debug|Any CPU
		{B096856D-C269-4E29-AC92-6CDF60831F9C}.Debug|Any CPU.Build.0 = Debug|Any CPU
		{B096856D-C269-4E29-AC92-6CDF60831F9C}.Release|Any CPU.ActiveCfg = Release|Any CPU
		{B096856D-C269-4E29-AC92-6CDF60831F9C}.Release|Any CPU.Build.0 = Release|Any CPU
	EndGlobalSection
	GlobalSection(SolutionProperties) = preSolution
		HideSolutionNode = FALSE
	EndGlobalSection
	GlobalSection(ExtensibilityGlobals) = postSolution
		SolutionGuid = {F0FC1DC4-BC98-4035-845A-1E0BE8F9CA09}
	EndGlobalSection
EndGlobal
